
Microsoft Visual Studio Solution File, Format Version 12.00
# Visual Studio Version 17
VisualStudioVersion = 17.12.35527.113 d17.12
MinimumVisualStudioVersion = 10.0.40219.1
Project("{FAE04EC0-301F-11D3-BF4B-00C04F79EFBC}") = "MultiEX", "MultiEX\MultiEX.csproj", "{2D9E43BB-27A4-4C5E-B45E-940928D0C2C6}"
EndProject
Global
	GlobalSection(SolutionConfigurationPlatforms) = preSolution
		Debug|Any CPU = Debug|Any CPU
		Release|Any CPU = Release|Any CPU
	EndGlobalSection
	GlobalSection(ProjectConfigurationPlatforms) = postSolution
		{2D9E43BB-27A4-4C5E-B45E-940928D0C2C6}.Debug|Any CPU.ActiveCfg = Debug|Any CPU
		{2D9E43BB-27A4-4C5E-B45E-940928D0C2C6}.Debug|Any CPU.Build.0 = Debug|Any CPU
		{2D9E43BB-27A4-4C5E-B45E-940928D0C2C6}.Release|Any CPU.ActiveCfg = Release|Any CPU
		{2D9E43BB-27A4-4C5E-B45E-940928D0C2C6}.Release|Any CPU.Build.0 = Release|Any CPU
	EndGlobalSection
	GlobalSection(SolutionProperties) = preSolution
		HideSolutionNode = FALSE
	EndGlobalSection
EndGlobal
